// !$*UTF8*$!
{
	archiveVersion = 1;
	classes = {
	};
	objectVersion = 46;
	objects = {

/* Begin PBXBuildFile section */
		BB38E7861AA585C400A894DF /* CopyPasteFramework.h in Headers */ = {isa = PBXBuildFile; fileRef = BB38E7851AA585C400A894DF /* CopyPasteFramework.h */; settings = {ATTRIBUTES = (Public, ); }; };
		BB38E78C1AA585C400A894DF /* CopyPasteFramework.framework in Frameworks */ = {isa = PBXBuildFile; fileRef = BB38E7811AA585C400A894DF /* CopyPasteFramework.framework */; };
		BB38E7951AA585C400A894DF /* CopyPasteFrameworkTests.swift in Sources */ = {isa = PBXBuildFile; fileRef = BB38E7941AA585C400A894DF /* CopyPasteFrameworkTests.swift */; };
		BB38E7981AA585C400A894DF /* CopyPasteFramework.framework in Frameworks */ = {isa = PBXBuildFile; fileRef = BB38E7811AA585C400A894DF /* CopyPasteFramework.framework */; };
		BB38E7991AA585C400A894DF /* CopyPasteFramework.framework in Embed Frameworks */ = {isa = PBXBuildFile; fileRef = BB38E7811AA585C400A894DF /* CopyPasteFramework.framework */; settings = {ATTRIBUTES = (CodeSignOnCopy, RemoveHeadersOnCopy, ); }; };
		BB6A2BFF1AA187F900E74B7F /* AppDelegate.swift in Sources */ = {isa = PBXBuildFile; fileRef = BB6A2BFE1AA187F900E74B7F /* AppDelegate.swift */; };
		BB6A2C021AA187F900E74B7F /* CopyPasteApp.xcdatamodeld in Sources */ = {isa = PBXBuildFile; fileRef = BB6A2C001AA187F900E74B7F /* CopyPasteApp.xcdatamodeld */; };
		BB6A2C041AA187F900E74B7F /* ViewController.swift in Sources */ = {isa = PBXBuildFile; fileRef = BB6A2C031AA187F900E74B7F /* ViewController.swift */; };
		BB6A2C071AA187F900E74B7F /* Main.storyboard in Resources */ = {isa = PBXBuildFile; fileRef = BB6A2C051AA187F900E74B7F /* Main.storyboard */; };
		BB6A2C091AA187F900E74B7F /* Images.xcassets in Resources */ = {isa = PBXBuildFile; fileRef = BB6A2C081AA187F900E74B7F /* Images.xcassets */; };
		BB6A2C181AA187F900E74B7F /* CopyPasteAppTests.swift in Sources */ = {isa = PBXBuildFile; fileRef = BB6A2C171AA187F900E74B7F /* CopyPasteAppTests.swift */; };
		BB7055131AA18C4D00168B3A /* .gitignore in Resources */ = {isa = PBXBuildFile; fileRef = BB7055121AA18C4D00168B3A /* .gitignore */; };
		BB7D3D8C1AA574D00061D0AC /* LaunchScreen.xib in Resources */ = {isa = PBXBuildFile; fileRef = BB7D3D8B1AA574D00061D0AC /* LaunchScreen.xib */; };
		BB7D3D931AA57D6B0061D0AC /* NotificationCenter.framework in Frameworks */ = {isa = PBXBuildFile; fileRef = BB7D3D921AA57D6B0061D0AC /* NotificationCenter.framework */; };
		BB7D3D981AA57D6B0061D0AC /* TodayViewController.swift in Sources */ = {isa = PBXBuildFile; fileRef = BB7D3D971AA57D6B0061D0AC /* TodayViewController.swift */; };
		BB7D3D9A1AA57D6B0061D0AC /* MainInterface.storyboard in Resources */ = {isa = PBXBuildFile; fileRef = BB7D3D991AA57D6B0061D0AC /* MainInterface.storyboard */; };
		BB7D3D9D1AA57D6B0061D0AC /* CopyPasteToday.appex in Embed App Extensions */ = {isa = PBXBuildFile; fileRef = BB7D3D911AA57D6B0061D0AC /* CopyPasteToday.appex */; settings = {ATTRIBUTES = (RemoveHeadersOnCopy, ); }; };
		CC120B8C986ADF64728855DC /* libPods.a in Frameworks */ = {isa = PBXBuildFile; fileRef = 6B2756D033D54AB1AD732A8B /* libPods.a */; };
/* End PBXBuildFile section */

/* Begin PBXContainerItemProxy section */
		BB38E78D1AA585C400A894DF /* PBXContainerItemProxy */ = {
			isa = PBXContainerItemProxy;
			containerPortal = BB6A2BF11AA187F900E74B7F /* Project object */;
			proxyType = 1;
			remoteGlobalIDString = BB38E7801AA585C400A894DF;
			remoteInfo = CopyPasteFramework;
		};
		BB38E78F1AA585C400A894DF /* PBXContainerItemProxy */ = {
			isa = PBXContainerItemProxy;
			containerPortal = BB6A2BF11AA187F900E74B7F /* Project object */;
			proxyType = 1;
			remoteGlobalIDString = BB6A2BF81AA187F900E74B7F;
			remoteInfo = CopyPasteApp;
		};
		BB38E7961AA585C400A894DF /* PBXContainerItemProxy */ = {
			isa = PBXContainerItemProxy;
			containerPortal = BB6A2BF11AA187F900E74B7F /* Project object */;
			proxyType = 1;
			remoteGlobalIDString = BB38E7801AA585C400A894DF;
			remoteInfo = CopyPasteFramework;
		};
		BB6A2C121AA187F900E74B7F /* PBXContainerItemProxy */ = {
			isa = PBXContainerItemProxy;
			containerPortal = BB6A2BF11AA187F900E74B7F /* Project object */;
			proxyType = 1;
			remoteGlobalIDString = BB6A2BF81AA187F900E74B7F;
			remoteInfo = CopyPasteApp;
		};
		BB7D3D9B1AA57D6B0061D0AC /* PBXContainerItemProxy */ = {
			isa = PBXContainerItemProxy;
			containerPortal = BB6A2BF11AA187F900E74B7F /* Project object */;
			proxyType = 1;
			remoteGlobalIDString = BB7D3D901AA57D6B0061D0AC;
			remoteInfo = CopyPasteToday;
		};
/* End PBXContainerItemProxy section */

/* Begin PBXCopyFilesBuildPhase section */
		BB38E79F1AA585C400A894DF /* Embed Frameworks */ = {
			isa = PBXCopyFilesBuildPhase;
			buildActionMask = 2147483647;
			dstPath = "";
			dstSubfolderSpec = 10;
			files = (
				BB38E7991AA585C400A894DF /* CopyPasteFramework.framework in Embed Frameworks */,
			);
			name = "Embed Frameworks";
			runOnlyForDeploymentPostprocessing = 0;
		};
		BB7D3DA11AA57D6B0061D0AC /* Embed App Extensions */ = {
			isa = PBXCopyFilesBuildPhase;
			buildActionMask = 2147483647;
			dstPath = "";
			dstSubfolderSpec = 13;
			files = (
				BB7D3D9D1AA57D6B0061D0AC /* CopyPasteToday.appex in Embed App Extensions */,
			);
			name = "Embed App Extensions";
			runOnlyForDeploymentPostprocessing = 0;
		};
/* End PBXCopyFilesBuildPhase section */

/* Begin PBXFileReference section */
		20ADD29364DFD05E6CC4D935 /* Pods.debug.xcconfig */ = {isa = PBXFileReference; includeInIndex = 1; lastKnownFileType = text.xcconfig; name = Pods.debug.xcconfig; path = "Pods/Target Support Files/Pods/Pods.debug.xcconfig"; sourceTree = "<group>"; };
		57D429E21C9F0FC2B5D2009E /* Pods.release.xcconfig */ = {isa = PBXFileReference; includeInIndex = 1; lastKnownFileType = text.xcconfig; name = Pods.release.xcconfig; path = "Pods/Target Support Files/Pods/Pods.release.xcconfig"; sourceTree = "<group>"; };
		6B2756D033D54AB1AD732A8B /* libPods.a */ = {isa = PBXFileReference; explicitFileType = archive.ar; includeInIndex = 0; path = libPods.a; sourceTree = BUILT_PRODUCTS_DIR; };
		BB38E7811AA585C400A894DF /* CopyPasteFramework.framework */ = {isa = PBXFileReference; explicitFileType = wrapper.framework; includeInIndex = 0; path = CopyPasteFramework.framework; sourceTree = BUILT_PRODUCTS_DIR; };
		BB38E7841AA585C400A894DF /* Info.plist */ = {isa = PBXFileReference; lastKnownFileType = text.plist.xml; path = Info.plist; sourceTree = "<group>"; };
		BB38E7851AA585C400A894DF /* CopyPasteFramework.h */ = {isa = PBXFileReference; lastKnownFileType = sourcecode.c.h; path = CopyPasteFramework.h; sourceTree = "<group>"; };
		BB38E78B1AA585C400A894DF /* CopyPasteFrameworkTests.xctest */ = {isa = PBXFileReference; explicitFileType = wrapper.cfbundle; includeInIndex = 0; path = CopyPasteFrameworkTests.xctest; sourceTree = BUILT_PRODUCTS_DIR; };
		BB38E7931AA585C400A894DF /* Info.plist */ = {isa = PBXFileReference; lastKnownFileType = text.plist.xml; path = Info.plist; sourceTree = "<group>"; };
		BB38E7941AA585C400A894DF /* CopyPasteFrameworkTests.swift */ = {isa = PBXFileReference; lastKnownFileType = sourcecode.swift; path = CopyPasteFrameworkTests.swift; sourceTree = "<group>"; };
		BB6A2BF91AA187F900E74B7F /* CopyPasteApp.app */ = {isa = PBXFileReference; explicitFileType = wrapper.application; includeInIndex = 0; path = CopyPasteApp.app; sourceTree = BUILT_PRODUCTS_DIR; };
		BB6A2BFD1AA187F900E74B7F /* Info.plist */ = {isa = PBXFileReference; lastKnownFileType = text.plist.xml; path = Info.plist; sourceTree = "<group>"; };
		BB6A2BFE1AA187F900E74B7F /* AppDelegate.swift */ = {isa = PBXFileReference; lastKnownFileType = sourcecode.swift; path = AppDelegate.swift; sourceTree = "<group>"; };
		BB6A2C011AA187F900E74B7F /* CopyPasteApp.xcdatamodel */ = {isa = PBXFileReference; lastKnownFileType = wrapper.xcdatamodel; path = CopyPasteApp.xcdatamodel; sourceTree = "<group>"; };
		BB6A2C031AA187F900E74B7F /* ViewController.swift */ = {isa = PBXFileReference; lastKnownFileType = sourcecode.swift; path = ViewController.swift; sourceTree = "<group>"; };
		BB6A2C061AA187F900E74B7F /* Base */ = {isa = PBXFileReference; lastKnownFileType = file.storyboard; name = Base; path = Base.lproj/Main.storyboard; sourceTree = "<group>"; };
		BB6A2C081AA187F900E74B7F /* Images.xcassets */ = {isa = PBXFileReference; lastKnownFileType = folder.assetcatalog; path = Images.xcassets; sourceTree = "<group>"; };
		BB6A2C111AA187F900E74B7F /* CopyPasteAppTests.xctest */ = {isa = PBXFileReference; explicitFileType = wrapper.cfbundle; includeInIndex = 0; path = CopyPasteAppTests.xctest; sourceTree = BUILT_PRODUCTS_DIR; };
		BB6A2C161AA187F900E74B7F /* Info.plist */ = {isa = PBXFileReference; lastKnownFileType = text.plist.xml; path = Info.plist; sourceTree = "<group>"; };
		BB6A2C171AA187F900E74B7F /* CopyPasteAppTests.swift */ = {isa = PBXFileReference; lastKnownFileType = sourcecode.swift; path = CopyPasteAppTests.swift; sourceTree = "<group>"; };
		BB7055121AA18C4D00168B3A /* .gitignore */ = {isa = PBXFileReference; fileEncoding = 4; lastKnownFileType = text; path = .gitignore; sourceTree = "<group>"; };
		BB7D3D8B1AA574D00061D0AC /* LaunchScreen.xib */ = {isa = PBXFileReference; fileEncoding = 4; lastKnownFileType = file.xib; path = LaunchScreen.xib; sourceTree = "<group>"; };
		BB7D3D911AA57D6B0061D0AC /* CopyPasteToday.appex */ = {isa = PBXFileReference; explicitFileType = "wrapper.app-extension"; includeInIndex = 0; path = CopyPasteToday.appex; sourceTree = BUILT_PRODUCTS_DIR; };
		BB7D3D921AA57D6B0061D0AC /* NotificationCenter.framework */ = {isa = PBXFileReference; lastKnownFileType = wrapper.framework; name = NotificationCenter.framework; path = System/Library/Frameworks/NotificationCenter.framework; sourceTree = SDKROOT; };
		BB7D3D961AA57D6B0061D0AC /* Info.plist */ = {isa = PBXFileReference; lastKnownFileType = text.plist.xml; path = Info.plist; sourceTree = "<group>"; };
		BB7D3D971AA57D6B0061D0AC /* TodayViewController.swift */ = {isa = PBXFileReference; lastKnownFileType = sourcecode.swift; path = TodayViewController.swift; sourceTree = "<group>"; };
		BB7D3D991AA57D6B0061D0AC /* MainInterface.storyboard */ = {isa = PBXFileReference; lastKnownFileType = file.storyboard; path = MainInterface.storyboard; sourceTree = "<group>"; };
		BB7D3DA21AA589A40061D0AC /* CopyPasteToday.entitlements */ = {isa = PBXFileReference; lastKnownFileType = text.xml; path = CopyPasteToday.entitlements; sourceTree = "<group>"; };
		BB7D3DA31AA589FE0061D0AC /* CopyPasteApp.entitlements */ = {isa = PBXFileReference; lastKnownFileType = text.xml; path = CopyPasteApp.entitlements; sourceTree = "<group>"; };
/* End PBXFileReference section */

/* Begin PBXFrameworksBuildPhase section */
		BB38E77D1AA585C400A894DF /* Frameworks */ = {
			isa = PBXFrameworksBuildPhase;
			buildActionMask = 2147483647;
			files = (
			);
			runOnlyForDeploymentPostprocessing = 0;
		};
		BB38E7881AA585C400A894DF /* Frameworks */ = {
			isa = PBXFrameworksBuildPhase;
			buildActionMask = 2147483647;
			files = (
				BB38E78C1AA585C400A894DF /* CopyPasteFramework.framework in Frameworks */,
			);
			runOnlyForDeploymentPostprocessing = 0;
		};
		BB6A2BF61AA187F900E74B7F /* Frameworks */ = {
			isa = PBXFrameworksBuildPhase;
			buildActionMask = 2147483647;
			files = (
				BB38E7981AA585C400A894DF /* CopyPasteFramework.framework in Frameworks */,
				CC120B8C986ADF64728855DC /* libPods.a in Frameworks */,
			);
			runOnlyForDeploymentPostprocessing = 0;
		};
		BB6A2C0E1AA187F900E74B7F /* Frameworks */ = {
			isa = PBXFrameworksBuildPhase;
			buildActionMask = 2147483647;
			files = (
			);
			runOnlyForDeploymentPostprocessing = 0;
		};
		BB7D3D8E1AA57D6B0061D0AC /* Frameworks */ = {
			isa = PBXFrameworksBuildPhase;
			buildActionMask = 2147483647;
			files = (
				BB7D3D931AA57D6B0061D0AC /* NotificationCenter.framework in Frameworks */,
			);
			runOnlyForDeploymentPostprocessing = 0;
		};
/* End PBXFrameworksBuildPhase section */

/* Begin PBXGroup section */
		124C52F624F86BC96910212A /* Pods */ = {
			isa = PBXGroup;
			children = (
				20ADD29364DFD05E6CC4D935 /* Pods.debug.xcconfig */,
				57D429E21C9F0FC2B5D2009E /* Pods.release.xcconfig */,
			);
			name = Pods;
			sourceTree = "<group>";
		};
		96844B823950F8C8F9E11E44 /* Frameworks */ = {
			isa = PBXGroup;
			children = (
				6B2756D033D54AB1AD732A8B /* libPods.a */,
				BB7D3D921AA57D6B0061D0AC /* NotificationCenter.framework */,
			);
			name = Frameworks;
			sourceTree = "<group>";
		};
		BB38E7821AA585C400A894DF /* CopyPasteFramework */ = {
			isa = PBXGroup;
			children = (
				BB38E7851AA585C400A894DF /* CopyPasteFramework.h */,
				BB38E7831AA585C400A894DF /* Supporting Files */,
			);
			path = CopyPasteFramework;
			sourceTree = "<group>";
		};
		BB38E7831AA585C400A894DF /* Supporting Files */ = {
			isa = PBXGroup;
			children = (
				BB38E7841AA585C400A894DF /* Info.plist */,
			);
			name = "Supporting Files";
			sourceTree = "<group>";
		};
		BB38E7911AA585C400A894DF /* CopyPasteFrameworkTests */ = {
			isa = PBXGroup;
			children = (
				BB38E7941AA585C400A894DF /* CopyPasteFrameworkTests.swift */,
				BB38E7921AA585C400A894DF /* Supporting Files */,
			);
			path = CopyPasteFrameworkTests;
			sourceTree = "<group>";
		};
		BB38E7921AA585C400A894DF /* Supporting Files */ = {
			isa = PBXGroup;
			children = (
				BB38E7931AA585C400A894DF /* Info.plist */,
			);
			name = "Supporting Files";
			sourceTree = "<group>";
		};
		BB6A2BF01AA187F900E74B7F = {
			isa = PBXGroup;
			children = (
				BB6A2BFB1AA187F900E74B7F /* CopyPasteApp */,
				BB6A2C141AA187F900E74B7F /* CopyPasteAppTests */,
				BB7D3D941AA57D6B0061D0AC /* CopyPasteToday */,
				BB38E7821AA585C400A894DF /* CopyPasteFramework */,
				BB38E7911AA585C400A894DF /* CopyPasteFrameworkTests */,
				BB6A2BFA1AA187F900E74B7F /* Products */,
				124C52F624F86BC96910212A /* Pods */,
				96844B823950F8C8F9E11E44 /* Frameworks */,
			);
			sourceTree = "<group>";
		};
		BB6A2BFA1AA187F900E74B7F /* Products */ = {
			isa = PBXGroup;
			children = (
				BB6A2BF91AA187F900E74B7F /* CopyPasteApp.app */,
				BB6A2C111AA187F900E74B7F /* CopyPasteAppTests.xctest */,
				BB7D3D911AA57D6B0061D0AC /* CopyPasteToday.appex */,
				BB38E7811AA585C400A894DF /* CopyPasteFramework.framework */,
				BB38E78B1AA585C400A894DF /* CopyPasteFrameworkTests.xctest */,
			);
			name = Products;
			sourceTree = "<group>";
		};
		BB6A2BFB1AA187F900E74B7F /* CopyPasteApp */ = {
			isa = PBXGroup;
			children = (
				BB7D3DA31AA589FE0061D0AC /* CopyPasteApp.entitlements */,
				BB6A2BFE1AA187F900E74B7F /* AppDelegate.swift */,
				BB6A2C031AA187F900E74B7F /* ViewController.swift */,
				BB6A2C051AA187F900E74B7F /* Main.storyboard */,
				BB6A2C081AA187F900E74B7F /* Images.xcassets */,
				BB6A2C001AA187F900E74B7F /* CopyPasteApp.xcdatamodeld */,
				BB7D3D8B1AA574D00061D0AC /* LaunchScreen.xib */,
				BB6A2BFC1AA187F900E74B7F /* Supporting Files */,
				BB7055121AA18C4D00168B3A /* .gitignore */,
			);
			path = CopyPasteApp;
			sourceTree = "<group>";
		};
		BB6A2BFC1AA187F900E74B7F /* Supporting Files */ = {
			isa = PBXGroup;
			children = (
				BB6A2BFD1AA187F900E74B7F /* Info.plist */,
			);
			name = "Supporting Files";
			sourceTree = "<group>";
		};
		BB6A2C141AA187F900E74B7F /* CopyPasteAppTests */ = {
			isa = PBXGroup;
			children = (
				BB6A2C171AA187F900E74B7F /* CopyPasteAppTests.swift */,
				BB6A2C151AA187F900E74B7F /* Supporting Files */,
			);
			path = CopyPasteAppTests;
			sourceTree = "<group>";
		};
		BB6A2C151AA187F900E74B7F /* Supporting Files */ = {
			isa = PBXGroup;
			children = (
				BB6A2C161AA187F900E74B7F /* Info.plist */,
			);
			name = "Supporting Files";
			sourceTree = "<group>";
		};
		BB7D3D941AA57D6B0061D0AC /* CopyPasteToday */ = {
			isa = PBXGroup;
			children = (
				BB7D3DA21AA589A40061D0AC /* CopyPasteToday.entitlements */,
				BB7D3D971AA57D6B0061D0AC /* TodayViewController.swift */,
				BB7D3D991AA57D6B0061D0AC /* MainInterface.storyboard */,
				BB7D3D951AA57D6B0061D0AC /* Supporting Files */,
			);
			path = CopyPasteToday;
			sourceTree = "<group>";
		};
		BB7D3D951AA57D6B0061D0AC /* Supporting Files */ = {
			isa = PBXGroup;
			children = (
				BB7D3D961AA57D6B0061D0AC /* Info.plist */,
			);
			name = "Supporting Files";
			sourceTree = "<group>";
		};
/* End PBXGroup section */

/* Begin PBXHeadersBuildPhase section */
		BB38E77E1AA585C400A894DF /* Headers */ = {
			isa = PBXHeadersBuildPhase;
			buildActionMask = 2147483647;
			files = (
				BB38E7861AA585C400A894DF /* CopyPasteFramework.h in Headers */,
			);
			runOnlyForDeploymentPostprocessing = 0;
		};
/* End PBXHeadersBuildPhase section */

/* Begin PBXNativeTarget section */
		BB38E7801AA585C400A894DF /* CopyPasteFramework */ = {
			isa = PBXNativeTarget;
			buildConfigurationList = BB38E79E1AA585C400A894DF /* Build configuration list for PBXNativeTarget "CopyPasteFramework" */;
			buildPhases = (
				BB38E77C1AA585C400A894DF /* Sources */,
				BB38E77D1AA585C400A894DF /* Frameworks */,
				BB38E77E1AA585C400A894DF /* Headers */,
				BB38E77F1AA585C400A894DF /* Resources */,
			);
			buildRules = (
			);
			dependencies = (
			);
			name = CopyPasteFramework;
			productName = CopyPasteFramework;
			productReference = BB38E7811AA585C400A894DF /* CopyPasteFramework.framework */;
			productType = "com.apple.product-type.framework";
		};
		BB38E78A1AA585C400A894DF /* CopyPasteFrameworkTests */ = {
			isa = PBXNativeTarget;
			buildConfigurationList = BB38E7A01AA585C400A894DF /* Build configuration list for PBXNativeTarget "CopyPasteFrameworkTests" */;
			buildPhases = (
				BB38E7871AA585C400A894DF /* Sources */,
				BB38E7881AA585C400A894DF /* Frameworks */,
				BB38E7891AA585C400A894DF /* Resources */,
			);
			buildRules = (
			);
			dependencies = (
				BB38E78E1AA585C400A894DF /* PBXTargetDependency */,
				BB38E7901AA585C400A894DF /* PBXTargetDependency */,
			);
			name = CopyPasteFrameworkTests;
			productName = CopyPasteFrameworkTests;
			productReference = BB38E78B1AA585C400A894DF /* CopyPasteFrameworkTests.xctest */;
			productType = "com.apple.product-type.bundle.unit-test";
		};
		BB6A2BF81AA187F900E74B7F /* CopyPasteApp */ = {
			isa = PBXNativeTarget;
			buildConfigurationList = BB6A2C1B1AA187F900E74B7F /* Build configuration list for PBXNativeTarget "CopyPasteApp" */;
			buildPhases = (
				433FA723CDDD517D9702F72D /* Check Pods Manifest.lock */,
				BB6A2BF51AA187F900E74B7F /* Sources */,
				BB6A2BF61AA187F900E74B7F /* Frameworks */,
				BB6A2BF71AA187F900E74B7F /* Resources */,
				C3910CE59E529D6409FB5EF2 /* Copy Pods Resources */,
				BB7D3DA11AA57D6B0061D0AC /* Embed App Extensions */,
				BB38E79F1AA585C400A894DF /* Embed Frameworks */,
			);
			buildRules = (
			);
			dependencies = (
				BB7D3D9C1AA57D6B0061D0AC /* PBXTargetDependency */,
				BB38E7971AA585C400A894DF /* PBXTargetDependency */,
			);
			name = CopyPasteApp;
			productName = CopyPasteApp;
			productReference = BB6A2BF91AA187F900E74B7F /* CopyPasteApp.app */;
			productType = "com.apple.product-type.application";
		};
		BB6A2C101AA187F900E74B7F /* CopyPasteAppTests */ = {
			isa = PBXNativeTarget;
			buildConfigurationList = BB6A2C1E1AA187F900E74B7F /* Build configuration list for PBXNativeTarget "CopyPasteAppTests" */;
			buildPhases = (
				BB6A2C0D1AA187F900E74B7F /* Sources */,
				BB6A2C0E1AA187F900E74B7F /* Frameworks */,
				BB6A2C0F1AA187F900E74B7F /* Resources */,
			);
			buildRules = (
			);
			dependencies = (
				BB6A2C131AA187F900E74B7F /* PBXTargetDependency */,
			);
			name = CopyPasteAppTests;
			productName = CopyPasteAppTests;
			productReference = BB6A2C111AA187F900E74B7F /* CopyPasteAppTests.xctest */;
			productType = "com.apple.product-type.bundle.unit-test";
		};
		BB7D3D901AA57D6B0061D0AC /* CopyPasteToday */ = {
			isa = PBXNativeTarget;
			buildConfigurationList = BB7D3D9E1AA57D6B0061D0AC /* Build configuration list for PBXNativeTarget "CopyPasteToday" */;
			buildPhases = (
				BB7D3D8D1AA57D6B0061D0AC /* Sources */,
				BB7D3D8E1AA57D6B0061D0AC /* Frameworks */,
				BB7D3D8F1AA57D6B0061D0AC /* Resources */,
			);
			buildRules = (
			);
			dependencies = (
			);
			name = CopyPasteToday;
			productName = CopyPasteToday;
			productReference = BB7D3D911AA57D6B0061D0AC /* CopyPasteToday.appex */;
			productType = "com.apple.product-type.app-extension";
		};
/* End PBXNativeTarget section */

/* Begin PBXProject section */
		BB6A2BF11AA187F900E74B7F /* Project object */ = {
			isa = PBXProject;
			attributes = {
				LastUpgradeCheck = 0630;
				ORGANIZATIONNAME = "David Norman";
				TargetAttributes = {
					BB38E7801AA585C400A894DF = {
						CreatedOnToolsVersion = 6.1.1;
					};
					BB38E78A1AA585C400A894DF = {
						CreatedOnToolsVersion = 6.1.1;
						TestTargetID = BB6A2BF81AA187F900E74B7F;
					};
					BB6A2BF81AA187F900E74B7F = {
						CreatedOnToolsVersion = 6.3;
						DevelopmentTeam = S2RAHTHMU7;
						SystemCapabilities = {
							com.apple.ApplicationGroups.iOS = {
								enabled = 1;
							};
						};
					};
					BB6A2C101AA187F900E74B7F = {
						CreatedOnToolsVersion = 6.3;
						TestTargetID = BB6A2BF81AA187F900E74B7F;
					};
					BB7D3D901AA57D6B0061D0AC = {
						CreatedOnToolsVersion = 6.3;
						DevelopmentTeam = S2RAHTHMU7;
						SystemCapabilities = {
							com.apple.ApplicationGroups.iOS = {
								enabled = 1;
							};
						};
					};
				};
			};
			buildConfigurationList = BB6A2BF41AA187F900E74B7F /* Build configuration list for PBXProject "CopyPasteApp" */;
			compatibilityVersion = "Xcode 3.2";
			developmentRegion = English;
			hasScannedForEncodings = 0;
			knownRegions = (
				en,
				Base,
			);
			mainGroup = BB6A2BF01AA187F900E74B7F;
			productRefGroup = BB6A2BFA1AA187F900E74B7F /* Products */;
			projectDirPath = "";
			projectRoot = "";
			targets = (
				BB6A2BF81AA187F900E74B7F /* CopyPasteApp */,
				BB6A2C101AA187F900E74B7F /* CopyPasteAppTests */,
				BB7D3D901AA57D6B0061D0AC /* CopyPasteToday */,
				BB38E7801AA585C400A894DF /* CopyPasteFramework */,
				BB38E78A1AA585C400A894DF /* CopyPasteFrameworkTests */,
			);
		};
/* End PBXProject section */

/* Begin PBXResourcesBuildPhase section */
		BB38E77F1AA585C400A894DF /* Resources */ = {
			isa = PBXResourcesBuildPhase;
			buildActionMask = 2147483647;
			files = (
			);
			runOnlyForDeploymentPostprocessing = 0;
		};
		BB38E7891AA585C400A894DF /* Resources */ = {
			isa = PBXResourcesBuildPhase;
			buildActionMask = 2147483647;
			files = (
			);
			runOnlyForDeploymentPostprocessing = 0;
		};
		BB6A2BF71AA187F900E74B7F /* Resources */ = {
			isa = PBXResourcesBuildPhase;
			buildActionMask = 2147483647;
			files = (
				BB7D3D8C1AA574D00061D0AC /* LaunchScreen.xib in Resources */,
				BB7055131AA18C4D00168B3A /* .gitignore in Resources */,
				BB6A2C071AA187F900E74B7F /* Main.storyboard in Resources */,
				BB6A2C091AA187F900E74B7F /* Images.xcassets in Resources */,
			);
			runOnlyForDeploymentPostprocessing = 0;
		};
		BB6A2C0F1AA187F900E74B7F /* Resources */ = {
			isa = PBXResourcesBuildPhase;
			buildActionMask = 2147483647;
			files = (
			);
			runOnlyForDeploymentPostprocessing = 0;
		};
		BB7D3D8F1AA57D6B0061D0AC /* Resources */ = {
			isa = PBXResourcesBuildPhase;
			buildActionMask = 2147483647;
			files = (
				BB7D3D9A1AA57D6B0061D0AC /* MainInterface.storyboard in Resources */,
			);
			runOnlyForDeploymentPostprocessing = 0;
		};
/* End PBXResourcesBuildPhase section */

/* Begin PBXShellScriptBuildPhase section */
		433FA723CDDD517D9702F72D /* Check Pods Manifest.lock */ = {
			isa = PBXShellScriptBuildPhase;
			buildActionMask = 2147483647;
			files = (
			);
			inputPaths = (
			);
			name = "Check Pods Manifest.lock";
			outputPaths = (
			);
			runOnlyForDeploymentPostprocessing = 0;
			shellPath = /bin/sh;
			shellScript = "diff \"${PODS_ROOT}/../Podfile.lock\" \"${PODS_ROOT}/Manifest.lock\" > /dev/null\nif [[ $? != 0 ]] ; then\n    cat << EOM\nerror: The sandbox is not in sync with the Podfile.lock. Run 'pod install' or update your CocoaPods installation.\nEOM\n    exit 1\nfi\n";
			showEnvVarsInLog = 0;
		};
		C3910CE59E529D6409FB5EF2 /* Copy Pods Resources */ = {
			isa = PBXShellScriptBuildPhase;
			buildActionMask = 2147483647;
			files = (
			);
			inputPaths = (
			);
			name = "Copy Pods Resources";
			outputPaths = (
			);
			runOnlyForDeploymentPostprocessing = 0;
			shellPath = /bin/sh;
			shellScript = "\"${SRCROOT}/Pods/Target Support Files/Pods/Pods-resources.sh\"\n";
			showEnvVarsInLog = 0;
		};
/* End PBXShellScriptBuildPhase section */

/* Begin PBXSourcesBuildPhase section */
		BB38E77C1AA585C400A894DF /* Sources */ = {
			isa = PBXSourcesBuildPhase;
			buildActionMask = 2147483647;
			files = (
			);
			runOnlyForDeploymentPostprocessing = 0;
		};
		BB38E7871AA585C400A894DF /* Sources */ = {
			isa = PBXSourcesBuildPhase;
			buildActionMask = 2147483647;
			files = (
				BB38E7951AA585C400A894DF /* CopyPasteFrameworkTests.swift in Sources */,
			);
			runOnlyForDeploymentPostprocessing = 0;
		};
		BB6A2BF51AA187F900E74B7F /* Sources */ = {
			isa = PBXSourcesBuildPhase;
			buildActionMask = 2147483647;
			files = (
				BB6A2C041AA187F900E74B7F /* ViewController.swift in Sources */,
				BB6A2C021AA187F900E74B7F /* CopyPasteApp.xcdatamodeld in Sources */,
				BB6A2BFF1AA187F900E74B7F /* AppDelegate.swift in Sources */,
			);
			runOnlyForDeploymentPostprocessing = 0;
		};
		BB6A2C0D1AA187F900E74B7F /* Sources */ = {
			isa = PBXSourcesBuildPhase;
			buildActionMask = 2147483647;
			files = (
				BB6A2C181AA187F900E74B7F /* CopyPasteAppTests.swift in Sources */,
			);
			runOnlyForDeploymentPostprocessing = 0;
		};
		BB7D3D8D1AA57D6B0061D0AC /* Sources */ = {
			isa = PBXSourcesBuildPhase;
			buildActionMask = 2147483647;
			files = (
				BB7D3D981AA57D6B0061D0AC /* TodayViewController.swift in Sources */,
			);
			runOnlyForDeploymentPostprocessing = 0;
		};
/* End PBXSourcesBuildPhase section */

/* Begin PBXTargetDependency section */
		BB38E78E1AA585C400A894DF /* PBXTargetDependency */ = {
			isa = PBXTargetDependency;
			target = BB38E7801AA585C400A894DF /* CopyPasteFramework */;
			targetProxy = BB38E78D1AA585C400A894DF /* PBXContainerItemProxy */;
		};
		BB38E7901AA585C400A894DF /* PBXTargetDependency */ = {
			isa = PBXTargetDependency;
			target = BB6A2BF81AA187F900E74B7F /* CopyPasteApp */;
			targetProxy = BB38E78F1AA585C400A894DF /* PBXContainerItemProxy */;
		};
		BB38E7971AA585C400A894DF /* PBXTargetDependency */ = {
			isa = PBXTargetDependency;
			target = BB38E7801AA585C400A894DF /* CopyPasteFramework */;
			targetProxy = BB38E7961AA585C400A894DF /* PBXContainerItemProxy */;
		};
		BB6A2C131AA187F900E74B7F /* PBXTargetDependency */ = {
			isa = PBXTargetDependency;
			target = BB6A2BF81AA187F900E74B7F /* CopyPasteApp */;
			targetProxy = BB6A2C121AA187F900E74B7F /* PBXContainerItemProxy */;
		};
		BB7D3D9C1AA57D6B0061D0AC /* PBXTargetDependency */ = {
			isa = PBXTargetDependency;
			target = BB7D3D901AA57D6B0061D0AC /* CopyPasteToday */;
			targetProxy = BB7D3D9B1AA57D6B0061D0AC /* PBXContainerItemProxy */;
		};
/* End PBXTargetDependency section */

/* Begin PBXVariantGroup section */
		BB6A2C051AA187F900E74B7F /* Main.storyboard */ = {
			isa = PBXVariantGroup;
			children = (
				BB6A2C061AA187F900E74B7F /* Base */,
			);
			name = Main.storyboard;
			sourceTree = "<group>";
		};
/* End PBXVariantGroup section */

/* Begin XCBuildConfiguration section */
		BB38E79A1AA585C400A894DF /* Debug */ = {
			isa = XCBuildConfiguration;
			buildSettings = {
				CURRENT_PROJECT_VERSION = 1;
				DEFINES_MODULE = YES;
				DYLIB_COMPATIBILITY_VERSION = 1;
				DYLIB_CURRENT_VERSION = 1;
				DYLIB_INSTALL_NAME_BASE = "@rpath";
				GCC_PREPROCESSOR_DEFINITIONS = (
					"DEBUG=1",
					"$(inherited)",
				);
				INFOPLIST_FILE = CopyPasteFramework/Info.plist;
				INSTALL_PATH = "$(LOCAL_LIBRARY_DIR)/Frameworks";
				IPHONEOS_DEPLOYMENT_TARGET = 8.1;
				LD_RUNPATH_SEARCH_PATHS = "$(inherited) @executable_path/Frameworks @loader_path/Frameworks";
				PRODUCT_NAME = "$(TARGET_NAME)";
				SKIP_INSTALL = YES;
				TARGETED_DEVICE_FAMILY = "1,2";
				VERSIONING_SYSTEM = "apple-generic";
				VERSION_INFO_PREFIX = "";
			};
			name = Debug;
		};
		BB38E79B1AA585C400A894DF /* Release */ = {
			isa = XCBuildConfiguration;
			buildSettings = {
				COPY_PHASE_STRIP = YES;
				CURRENT_PROJECT_VERSION = 1;
				DEFINES_MODULE = YES;
				DYLIB_COMPATIBILITY_VERSION = 1;
				DYLIB_CURRENT_VERSION = 1;
				DYLIB_INSTALL_NAME_BASE = "@rpath";
				INFOPLIST_FILE = CopyPasteFramework/Info.plist;
				INSTALL_PATH = "$(LOCAL_LIBRARY_DIR)/Frameworks";
				IPHONEOS_DEPLOYMENT_TARGET = 8.1;
				LD_RUNPATH_SEARCH_PATHS = "$(inherited) @executable_path/Frameworks @loader_path/Frameworks";
				PRODUCT_NAME = "$(TARGET_NAME)";
				SKIP_INSTALL = YES;
				TARGETED_DEVICE_FAMILY = "1,2";
				VERSIONING_SYSTEM = "apple-generic";
				VERSION_INFO_PREFIX = "";
			};
			name = Release;
		};
		BB38E79C1AA585C400A894DF /* Debug */ = {
			isa = XCBuildConfiguration;
			buildSettings = {
				FRAMEWORK_SEARCH_PATHS = (
					"$(SDKROOT)/Developer/Library/Frameworks",
					"$(inherited)",
				);
				GCC_PREPROCESSOR_DEFINITIONS = (
					"DEBUG=1",
					"$(inherited)",
				);
				INFOPLIST_FILE = CopyPasteFrameworkTests/Info.plist;
				IPHONEOS_DEPLOYMENT_TARGET = 8.1;
				LD_RUNPATH_SEARCH_PATHS = "$(inherited) @executable_path/Frameworks @loader_path/Frameworks";
				PRODUCT_NAME = "$(TARGET_NAME)";
				TEST_HOST = "$(BUILT_PRODUCTS_DIR)/CopyPasteApp.app/CopyPasteApp";
			};
			name = Debug;
		};
		BB38E79D1AA585C400A894DF /* Release */ = {
			isa = XCBuildConfiguration;
			buildSettings = {
				COPY_PHASE_STRIP = YES;
				FRAMEWORK_SEARCH_PATHS = (
					"$(SDKROOT)/Developer/Library/Frameworks",
					"$(inherited)",
				);
				INFOPLIST_FILE = CopyPasteFrameworkTests/Info.plist;
				IPHONEOS_DEPLOYMENT_TARGET = 8.1;
				LD_RUNPATH_SEARCH_PATHS = "$(inherited) @executable_path/Frameworks @loader_path/Frameworks";
				PRODUCT_NAME = "$(TARGET_NAME)";
				TEST_HOST = "$(BUILT_PRODUCTS_DIR)/CopyPasteApp.app/CopyPasteApp";
			};
			name = Release;
		};
		BB6A2C191AA187F900E74B7F /* Debug */ = {
			isa = XCBuildConfiguration;
			buildSettings = {
				ALWAYS_SEARCH_USER_PATHS = NO;
				CLANG_CXX_LANGUAGE_STANDARD = "gnu++0x";
				CLANG_CXX_LIBRARY = "libc++";
				CLANG_ENABLE_MODULES = YES;
				CLANG_ENABLE_OBJC_ARC = YES;
				CLANG_WARN_BOOL_CONVERSION = YES;
				CLANG_WARN_CONSTANT_CONVERSION = YES;
				CLANG_WARN_DIRECT_OBJC_ISA_USAGE = YES_ERROR;
				CLANG_WARN_EMPTY_BODY = YES;
				CLANG_WARN_ENUM_CONVERSION = YES;
				CLANG_WARN_INT_CONVERSION = YES;
				CLANG_WARN_OBJC_ROOT_CLASS = YES_ERROR;
				CLANG_WARN_UNREACHABLE_CODE = YES;
				CLANG_WARN__DUPLICATE_METHOD_MATCH = YES;
				"CODE_SIGN_IDENTITY[sdk=iphoneos*]" = "iPhone Developer";
				COPY_PHASE_STRIP = NO;
				DEBUG_INFORMATION_FORMAT = dwarf;
				ENABLE_STRICT_OBJC_MSGSEND = YES;
				GCC_C_LANGUAGE_STANDARD = gnu99;
				GCC_DYNAMIC_NO_PIC = NO;
				GCC_NO_COMMON_BLOCKS = YES;
				GCC_OPTIMIZATION_LEVEL = 0;
				GCC_PREPROCESSOR_DEFINITIONS = (
					"DEBUG=1",
					"$(inherited)",
				);
				GCC_SYMBOLS_PRIVATE_EXTERN = NO;
				GCC_WARN_64_TO_32_BIT_CONVERSION = YES;
				GCC_WARN_ABOUT_RETURN_TYPE = YES_ERROR;
				GCC_WARN_UNDECLARED_SELECTOR = YES;
				GCC_WARN_UNINITIALIZED_AUTOS = YES_AGGRESSIVE;
				GCC_WARN_UNUSED_FUNCTION = YES;
				GCC_WARN_UNUSED_VARIABLE = YES;
				IPHONEOS_DEPLOYMENT_TARGET = 8.1;
				MTL_ENABLE_DEBUG_INFO = YES;
				ONLY_ACTIVE_ARCH = YES;
				SDKROOT = iphoneos;
				SWIFT_OPTIMIZATION_LEVEL = "-Onone";
			};
			name = Debug;
		};
		BB6A2C1A1AA187F900E74B7F /* Release */ = {
			isa = XCBuildConfiguration;
			buildSettings = {
				ALWAYS_SEARCH_USER_PATHS = NO;
				CLANG_CXX_LANGUAGE_STANDARD = "gnu++0x";
				CLANG_CXX_LIBRARY = "libc++";
				CLANG_ENABLE_MODULES = YES;
				CLANG_ENABLE_OBJC_ARC = YES;
				CLANG_WARN_BOOL_CONVERSION = YES;
				CLANG_WARN_CONSTANT_CONVERSION = YES;
				CLANG_WARN_DIRECT_OBJC_ISA_USAGE = YES_ERROR;
				CLANG_WARN_EMPTY_BODY = YES;
				CLANG_WARN_ENUM_CONVERSION = YES;
				CLANG_WARN_INT_CONVERSION = YES;
				CLANG_WARN_OBJC_ROOT_CLASS = YES_ERROR;
				CLANG_WARN_UNREACHABLE_CODE = YES;
				CLANG_WARN__DUPLICATE_METHOD_MATCH = YES;
				"CODE_SIGN_IDENTITY[sdk=iphoneos*]" = "iPhone Developer";
				COPY_PHASE_STRIP = NO;
				DEBUG_INFORMATION_FORMAT = "dwarf-with-dsym";
				ENABLE_NS_ASSERTIONS = NO;
				ENABLE_STRICT_OBJC_MSGSEND = YES;
				GCC_C_LANGUAGE_STANDARD = gnu99;
				GCC_NO_COMMON_BLOCKS = YES;
				GCC_WARN_64_TO_32_BIT_CONVERSION = YES;
				GCC_WARN_ABOUT_RETURN_TYPE = YES_ERROR;
				GCC_WARN_UNDECLARED_SELECTOR = YES;
				GCC_WARN_UNINITIALIZED_AUTOS = YES_AGGRESSIVE;
				GCC_WARN_UNUSED_FUNCTION = YES;
				GCC_WARN_UNUSED_VARIABLE = YES;
				IPHONEOS_DEPLOYMENT_TARGET = 8.1;
				MTL_ENABLE_DEBUG_INFO = NO;
				SDKROOT = iphoneos;
				VALIDATE_PRODUCT = YES;
			};
			name = Release;
		};
		BB6A2C1C1AA187F900E74B7F /* Debug */ = {
			isa = XCBuildConfiguration;
			baseConfigurationReference = 20ADD29364DFD05E6CC4D935 /* Pods.debug.xcconfig */;
			buildSettings = {
				ASSETCATALOG_COMPILER_APPICON_NAME = AppIcon;
				CODE_SIGN_ENTITLEMENTS = CopyPasteApp/CopyPasteApp.entitlements;
				CODE_SIGN_IDENTITY = "iPhone Developer";
				"CODE_SIGN_IDENTITY[sdk=iphoneos*]" = "iPhone Developer";
				EMBEDDED_CONTENT_CONTAINS_SWIFT = YES;
				INFOPLIST_FILE = CopyPasteApp/Info.plist;
				LD_RUNPATH_SEARCH_PATHS = "$(inherited) @executable_path/Frameworks";
				PRODUCT_NAME = "$(TARGET_NAME)";
				PROVISIONING_PROFILE = "";
			};
			name = Debug;
		};
		BB6A2C1D1AA187F900E74B7F /* Release */ = {
			isa = XCBuildConfiguration;
			baseConfigurationReference = 57D429E21C9F0FC2B5D2009E /* Pods.release.xcconfig */;
			buildSettings = {
				ASSETCATALOG_COMPILER_APPICON_NAME = AppIcon;
				CODE_SIGN_ENTITLEMENTS = CopyPasteApp/CopyPasteApp.entitlements;
				CODE_SIGN_IDENTITY = "iPhone Developer";
				"CODE_SIGN_IDENTITY[sdk=iphoneos*]" = "iPhone Developer";
				EMBEDDED_CONTENT_CONTAINS_SWIFT = YES;
				INFOPLIST_FILE = CopyPasteApp/Info.plist;
				LD_RUNPATH_SEARCH_PATHS = "$(inherited) @executable_path/Frameworks";
				PRODUCT_NAME = "$(TARGET_NAME)";
				PROVISIONING_PROFILE = "";
			};
			name = Release;
		};
		BB6A2C1F1AA187F900E74B7F /* Debug */ = {
			isa = XCBuildConfiguration;
			buildSettings = {
				BUNDLE_LOADER = "$(TEST_HOST)";
				FRAMEWORK_SEARCH_PATHS = (
					"$(SDKROOT)/Developer/Library/Frameworks",
					"$(inherited)",
				);
				GCC_PREPROCESSOR_DEFINITIONS = (
					"DEBUG=1",
					"$(inherited)",
				);
				INFOPLIST_FILE = CopyPasteAppTests/Info.plist;
				LD_RUNPATH_SEARCH_PATHS = "$(inherited) @executable_path/Frameworks @loader_path/Frameworks";
				PRODUCT_NAME = "$(TARGET_NAME)";
				TEST_HOST = "$(BUILT_PRODUCTS_DIR)/CopyPasteApp.app/CopyPasteApp";
			};
			name = Debug;
		};
		BB6A2C201AA187F900E74B7F /* Release */ = {
			isa = XCBuildConfiguration;
			buildSettings = {
				BUNDLE_LOADER = "$(TEST_HOST)";
				FRAMEWORK_SEARCH_PATHS = (
					"$(SDKROOT)/Developer/Library/Frameworks",
					"$(inherited)",
				);
				INFOPLIST_FILE = CopyPasteAppTests/Info.plist;
				LD_RUNPATH_SEARCH_PATHS = "$(inherited) @executable_path/Frameworks @loader_path/Frameworks";
				PRODUCT_NAME = "$(TARGET_NAME)";
				TEST_HOST = "$(BUILT_PRODUCTS_DIR)/CopyPasteApp.app/CopyPasteApp";
			};
			name = Release;
		};
		BB7D3D9F1AA57D6B0061D0AC /* Debug */ = {
			isa = XCBuildConfiguration;
			buildSettings = {
				CODE_SIGN_ENTITLEMENTS = CopyPasteToday/CopyPasteToday.entitlements;
				CODE_SIGN_IDENTITY = "iPhone Developer";
				"CODE_SIGN_IDENTITY[sdk=iphoneos*]" = "iPhone Developer";
				GCC_PREPROCESSOR_DEFINITIONS = (
					"DEBUG=1",
					"$(inherited)",
				);
				INFOPLIST_FILE = CopyPasteToday/Info.plist;
				LD_RUNPATH_SEARCH_PATHS = "$(inherited) @executable_path/Frameworks @executable_path/../../Frameworks";
				PRODUCT_NAME = "$(TARGET_NAME)";
				PROVISIONING_PROFILE = "";
				SKIP_INSTALL = YES;
			};
			name = Debug;
		};
		BB7D3DA01AA57D6B0061D0AC /* Release */ = {
			isa = XCBuildConfiguration;
			buildSettings = {
				CODE_SIGN_ENTITLEMENTS = CopyPasteToday/CopyPasteToday.entitlements;
				CODE_SIGN_IDENTITY = "iPhone Developer";
				"CODE_SIGN_IDENTITY[sdk=iphoneos*]" = "iPhone Developer";
				INFOPLIST_FILE = CopyPasteToday/Info.plist;
				LD_RUNPATH_SEARCH_PATHS = "$(inherited) @executable_path/Frameworks @executable_path/../../Frameworks";
				PRODUCT_NAME = "$(TARGET_NAME)";
				PROVISIONING_PROFILE = "";
				SKIP_INSTALL = YES;
			};
			name = Release;
		};
/* End XCBuildConfiguration section */

/* Begin XCConfigurationList section */
		BB38E79E1AA585C400A894DF /* Build configuration list for PBXNativeTarget "CopyPasteFramework" */ = {
			isa = XCConfigurationList;
			buildConfigurations = (
				BB38E79A1AA585C400A894DF /* Debug */,
				BB38E79B1AA585C400A894DF /* Release */,
			);
			defaultConfigurationIsVisible = 0;
			defaultConfigurationName = Release;
		};
		BB38E7A01AA585C400A894DF /* Build configuration list for PBXNativeTarget "CopyPasteFrameworkTests" */ = {
			isa = XCConfigurationList;
			buildConfigurations = (
				BB38E79C1AA585C400A894DF /* Debug */,
				BB38E79D1AA585C400A894DF /* Release */,
			);
			defaultConfigurationIsVisible = 0;
			defaultConfigurationName = Release;
		};
		BB6A2BF41AA187F900E74B7F /* Build configuration list for PBXProject "CopyPasteApp" */ = {
			isa = XCConfigurationList;
			buildConfigurations = (
				BB6A2C191AA187F900E74B7F /* Debug */,
				BB6A2C1A1AA187F900E74B7F /* Release */,
			);
			defaultConfigurationIsVisible = 0;
			defaultConfigurationName = Release;
		};
		BB6A2C1B1AA187F900E74B7F /* Build configuration list for PBXNativeTarget "CopyPasteApp" */ = {
			isa = XCConfigurationList;
			buildConfigurations = (
				BB6A2C1C1AA187F900E74B7F /* Debug */,
				BB6A2C1D1AA187F900E74B7F /* Release */,
			);
			defaultConfigurationIsVisible = 0;
			defaultConfigurationName = Release;
		};
		BB6A2C1E1AA187F900E74B7F /* Build configuration list for PBXNativeTarget "CopyPasteAppTests" */ = {
			isa = XCConfigurationList;
			buildConfigurations = (
				BB6A2C1F1AA187F900E74B7F /* Debug */,
				BB6A2C201AA187F900E74B7F /* Release */,
			);
			defaultConfigurationIsVisible = 0;
			defaultConfigurationName = Release;
		};
		BB7D3D9E1AA57D6B0061D0AC /* Build configuration list for PBXNativeTarget "CopyPasteToday" */ = {
			isa = XCConfigurationList;
			buildConfigurations = (
				BB7D3D9F1AA57D6B0061D0AC /* Debug */,
				BB7D3DA01AA57D6B0061D0AC /* Release */,
			);
			defaultConfigurationIsVisible = 0;
			defaultConfigurationName = Release;
		};
/* End XCConfigurationList section */

/* Begin XCVersionGroup section */
		BB6A2C001AA187F900E74B7F /* CopyPasteApp.xcdatamodeld */ = {
			isa = XCVersionGroup;
			children = (
				BB6A2C011AA187F900E74B7F /* CopyPasteApp.xcdatamodel */,
			);
			currentVersion = BB6A2C011AA187F900E74B7F /* CopyPasteApp.xcdatamodel */;
			path = CopyPasteApp.xcdatamodeld;
			sourceTree = "<group>";
			versionGroupType = wrapper.xcdatamodel;
		};
/* End XCVersionGroup section */
	};
	rootObject = BB6A2BF11AA187F900E74B7F /* Project object */;
}
